PODS:
  - SelectionList (1.4.0)
  - SwiftFormat/CLI (0.50.7)
  - SwiftLint (0.50.3)
  - SwiftQuality (2.0.1):
    - SwiftFormat/CLI (= 0.50.7)
    - SwiftLint (= 0.50.3)

DEPENDENCIES:
  - SelectionList (from `..`)
  - SwiftQuality (from `https://github.com/yonat/SwiftQuality`)

SPEC REPOS:
  trunk:
    - SwiftFormat
    - SwiftLint

EXTERNAL SOURCES:
  SelectionList:
    :path: ".."
  SwiftQuality:
    :git: https://github.com/yonat/SwiftQuality

CHECKOUT OPTIONS:
  SwiftQuality:
    :commit: f192ce833f082501a51269c1cb08cf6cf01fa3a3
    :git: https://github.com/yonat/SwiftQuality

SPEC CHECKSUMS:
  SelectionList: 38ae72d646afbb471d0d105e546f6042dcf201c9
  SwiftFormat: 4fcf72ee44c7198255108c22ed7135c38a36ba6b
  SwiftLint: 77f7cb2b9bb81ab4a12fcc86448ba3f11afa50c6
  SwiftQuality: 8d69820e0f82a25563c3cb33d31b0a11f124ea0c

PODFILE CHECKSUM: 5ac40439d74f01466c33e97804ec471c6e9008f8

COCOAPODS: 1.12.1
