// !$*UTF8*$!
{
	archiveVersion = 1;
	classes = {
	};
	objectVersion = 48;
	objects = {

/* Begin PBXBuildFile section */
		BD66C11FD68CCB2728455561 /* Pods_SelectionListDemo.framework in Frameworks */ = {isa = PBXBuildFile; fileRef = DD684F1A4D205B60862BF65B /* Pods_SelectionListDemo.framework */; };
		BDF1E90D8CB9428ABA95B891 /* Pods_SelectionListDemoUITests.framework in Frameworks */ = {isa = PBXBuildFile; fileRef = E9AC9CC6BEAEACAB4C73BEC9 /* Pods_SelectionListDemoUITests.framework */; };
		DC5EA87420B9F0EF00267D9B /* SelectionListDemoUITests.swift in Sources */ = {isa = PBXBuildFile; fileRef = DC5EA87320B9F0EF00267D9B /* SelectionListDemoUITests.swift */; };
		DCFD34B7206A463A000EA166 /* AppDelegate.swift in Sources */ = {isa = PBXBuildFile; fileRef = DCFD34B6206A463A000EA166 /* AppDelegate.swift */; };
		DCFD34B9206A463A000EA166 /* ViewController.swift in Sources */ = {isa = PBXBuildFile; fileRef = DCFD34B8206A463A000EA166 /* ViewController.swift */; };
		DCFD34BC206A463A000EA166 /* Main.storyboard in Resources */ = {isa = PBXBuildFile; fileRef = DCFD34BA206A463A000EA166 /* Main.storyboard */; };
		DCFD34BE206A463A000EA166 /* Assets.xcassets in Resources */ = {isa = PBXBuildFile; fileRef = DCFD34BD206A463A000EA166 /* Assets.xcassets */; };
		DCFD34C1206A463A000EA166 /* LaunchScreen.storyboard in Resources */ = {isa = PBXBuildFile; fileRef = DCFD34BF206A463A000EA166 /* LaunchScreen.storyboard */; };
/* End PBXBuildFile section */

/* Begin PBXContainerItemProxy section */
		DC5EA87620B9F0EF00267D9B /* PBXContainerItemProxy */ = {
			isa = PBXContainerItemProxy;
			containerPortal = DCFD34AB206A4639000EA166 /* Project object */;
			proxyType = 1;
			remoteGlobalIDString = DCFD34B2206A463A000EA166;
			remoteInfo = SelectionListDemo;
		};
/* End PBXContainerItemProxy section */

/* Begin PBXFileReference section */
		6C9D2D365D7410012474002B /* Pods-SelectionListDemo.debug.xcconfig */ = {isa = PBXFileReference; includeInIndex = 1; lastKnownFileType = text.xcconfig; name = "Pods-SelectionListDemo.debug.xcconfig"; path = "Target Support Files/Pods-SelectionListDemo/Pods-SelectionListDemo.debug.xcconfig"; sourceTree = "<group>"; };
		A869BA5098DA431F374450C6 /* Pods-SelectionListDemoUITests.release.xcconfig */ = {isa = PBXFileReference; includeInIndex = 1; lastKnownFileType = text.xcconfig; name = "Pods-SelectionListDemoUITests.release.xcconfig"; path = "Target Support Files/Pods-SelectionListDemoUITests/Pods-SelectionListDemoUITests.release.xcconfig"; sourceTree = "<group>"; };
		AA1F62225155D3FCD6DAC5AF /* Pods-SelectionListDemo.release.xcconfig */ = {isa = PBXFileReference; includeInIndex = 1; lastKnownFileType = text.xcconfig; name = "Pods-SelectionListDemo.release.xcconfig"; path = "Target Support Files/Pods-SelectionListDemo/Pods-SelectionListDemo.release.xcconfig"; sourceTree = "<group>"; };
		BE2FD944FEED5A0F505FB6F4 /* Pods-SelectionListDemoUITests.debug.xcconfig */ = {isa = PBXFileReference; includeInIndex = 1; lastKnownFileType = text.xcconfig; name = "Pods-SelectionListDemoUITests.debug.xcconfig"; path = "Target Support Files/Pods-SelectionListDemoUITests/Pods-SelectionListDemoUITests.debug.xcconfig"; sourceTree = "<group>"; };
		DC3389B2227313AD0089435D /* CHANGELOG.md */ = {isa = PBXFileReference; lastKnownFileType = net.daringfireball.markdown; name = CHANGELOG.md; path = ../CHANGELOG.md; sourceTree = "<group>"; };
		DC3389B3227313AD0089435D /* README.md */ = {isa = PBXFileReference; lastKnownFileType = net.daringfireball.markdown; name = README.md; path = ../README.md; sourceTree = "<group>"; };
		DC5EA87120B9F0EE00267D9B /* SelectionListDemoUITests.xctest */ = {isa = PBXFileReference; explicitFileType = wrapper.cfbundle; includeInIndex = 0; path = SelectionListDemoUITests.xctest; sourceTree = BUILT_PRODUCTS_DIR; };
		DC5EA87320B9F0EF00267D9B /* SelectionListDemoUITests.swift */ = {isa = PBXFileReference; lastKnownFileType = sourcecode.swift; path = SelectionListDemoUITests.swift; sourceTree = "<group>"; };
		DC5EA87520B9F0EF00267D9B /* Info.plist */ = {isa = PBXFileReference; lastKnownFileType = text.plist.xml; path = Info.plist; sourceTree = "<group>"; };
		DCFD34B3206A463A000EA166 /* SelectionListDemo.app */ = {isa = PBXFileReference; explicitFileType = wrapper.application; includeInIndex = 0; path = SelectionListDemo.app; sourceTree = BUILT_PRODUCTS_DIR; };
		DCFD34B6206A463A000EA166 /* AppDelegate.swift */ = {isa = PBXFileReference; lastKnownFileType = sourcecode.swift; path = AppDelegate.swift; sourceTree = "<group>"; };
		DCFD34B8206A463A000EA166 /* ViewController.swift */ = {isa = PBXFileReference; lastKnownFileType = sourcecode.swift; path = ViewController.swift; sourceTree = "<group>"; };
		DCFD34BB206A463A000EA166 /* Base */ = {isa = PBXFileReference; lastKnownFileType = file.storyboard; name = Base; path = Base.lproj/Main.storyboard; sourceTree = "<group>"; };
		DCFD34BD206A463A000EA166 /* Assets.xcassets */ = {isa = PBXFileReference; lastKnownFileType = folder.assetcatalog; path = Assets.xcassets; sourceTree = "<group>"; };
		DCFD34C0206A463A000EA166 /* Base */ = {isa = PBXFileReference; lastKnownFileType = file.storyboard; name = Base; path = Base.lproj/LaunchScreen.storyboard; sourceTree = "<group>"; };
		DCFD34C2206A463A000EA166 /* Info.plist */ = {isa = PBXFileReference; lastKnownFileType = text.plist.xml; path = Info.plist; sourceTree = "<group>"; };
		DD684F1A4D205B60862BF65B /* Pods_SelectionListDemo.framework */ = {isa = PBXFileReference; explicitFileType = wrapper.framework; includeInIndex = 0; path = Pods_SelectionListDemo.framework; sourceTree = BUILT_PRODUCTS_DIR; };
		E9AC9CC6BEAEACAB4C73BEC9 /* Pods_SelectionListDemoUITests.framework */ = {isa = PBXFileReference; explicitFileType = wrapper.framework; includeInIndex = 0; path = Pods_SelectionListDemoUITests.framework; sourceTree = BUILT_PRODUCTS_DIR; };
/* End PBXFileReference section */

/* Begin PBXFrameworksBuildPhase section */
		DC5EA86E20B9F0EE00267D9B /* Frameworks */ = {
			isa = PBXFrameworksBuildPhase;
			buildActionMask = 2147483647;
			files = (
				BDF1E90D8CB9428ABA95B891 /* Pods_SelectionListDemoUITests.framework in Frameworks */,
			);
			runOnlyForDeploymentPostprocessing = 0;
		};
		DCFD34B0206A463A000EA166 /* Frameworks */ = {
			isa = PBXFrameworksBuildPhase;
			buildActionMask = 2147483647;
			files = (
				BD66C11FD68CCB2728455561 /* Pods_SelectionListDemo.framework in Frameworks */,
			);
			runOnlyForDeploymentPostprocessing = 0;
		};
/* End PBXFrameworksBuildPhase section */

/* Begin PBXGroup section */
		01944D1F5400E099D63FE0C0 /* Pods */ = {
			isa = PBXGroup;
			children = (
				6C9D2D365D7410012474002B /* Pods-SelectionListDemo.debug.xcconfig */,
				AA1F62225155D3FCD6DAC5AF /* Pods-SelectionListDemo.release.xcconfig */,
				BE2FD944FEED5A0F505FB6F4 /* Pods-SelectionListDemoUITests.debug.xcconfig */,
				A869BA5098DA431F374450C6 /* Pods-SelectionListDemoUITests.release.xcconfig */,
			);
			path = Pods;
			sourceTree = "<group>";
		};
		588DD28C8C17983910674DD6 /* Frameworks */ = {
			isa = PBXGroup;
			children = (
				DD684F1A4D205B60862BF65B /* Pods_SelectionListDemo.framework */,
				E9AC9CC6BEAEACAB4C73BEC9 /* Pods_SelectionListDemoUITests.framework */,
			);
			name = Frameworks;
			sourceTree = "<group>";
		};
		DC5EA87220B9F0EF00267D9B /* SelectionListDemoUITests */ = {
			isa = PBXGroup;
			children = (
				DC5EA87320B9F0EF00267D9B /* SelectionListDemoUITests.swift */,
				DC5EA87520B9F0EF00267D9B /* Info.plist */,
			);
			path = SelectionListDemoUITests;
			sourceTree = "<group>";
		};
		DCFD34AA206A4639000EA166 = {
			isa = PBXGroup;
			children = (
				DC3389B2227313AD0089435D /* CHANGELOG.md */,
				DC3389B3227313AD0089435D /* README.md */,
				DCFD34B5206A463A000EA166 /* SelectionListDemo */,
				DC5EA87220B9F0EF00267D9B /* SelectionListDemoUITests */,
				DCFD34B4206A463A000EA166 /* Products */,
				01944D1F5400E099D63FE0C0 /* Pods */,
				588DD28C8C17983910674DD6 /* Frameworks */,
			);
			sourceTree = "<group>";
		};
		DCFD34B4206A463A000EA166 /* Products */ = {
			isa = PBXGroup;
			children = (
				DCFD34B3206A463A000EA166 /* SelectionListDemo.app */,
				DC5EA87120B9F0EE00267D9B /* SelectionListDemoUITests.xctest */,
			);
			name = Products;
			sourceTree = "<group>";
		};
		DCFD34B5206A463A000EA166 /* SelectionListDemo */ = {
			isa = PBXGroup;
			children = (
				DCFD34B6206A463A000EA166 /* AppDelegate.swift */,
				DCFD34B8206A463A000EA166 /* ViewController.swift */,
				DCFD34BA206A463A000EA166 /* Main.storyboard */,
				DCFD34BD206A463A000EA166 /* Assets.xcassets */,
				DCFD34BF206A463A000EA166 /* LaunchScreen.storyboard */,
				DCFD34C2206A463A000EA166 /* Info.plist */,
			);
			path = SelectionListDemo;
			sourceTree = "<group>";
		};
/* End PBXGroup section */

/* Begin PBXNativeTarget section */
		DC5EA87020B9F0EE00267D9B /* SelectionListDemoUITests */ = {
			isa = PBXNativeTarget;
			buildConfigurationList = DC5EA87A20B9F0EF00267D9B /* Build configuration list for PBXNativeTarget "SelectionListDemoUITests" */;
			buildPhases = (
				E099C6A336BB827282B890EF /* [CP] Check Pods Manifest.lock */,
				DC5EA86D20B9F0EE00267D9B /* Sources */,
				DC5EA86E20B9F0EE00267D9B /* Frameworks */,
				DC5EA86F20B9F0EE00267D9B /* Resources */,
				60B54B95EE56035D01F8570B /* [CP] Embed Pods Frameworks */,
			);
			buildRules = (
			);
			dependencies = (
				DC5EA87720B9F0EF00267D9B /* PBXTargetDependency */,
			);
			name = SelectionListDemoUITests;
			productName = SelectionListDemoUITests;
			productReference = DC5EA87120B9F0EE00267D9B /* SelectionListDemoUITests.xctest */;
			productType = "com.apple.product-type.bundle.ui-testing";
		};
		DCFD34B2206A463A000EA166 /* SelectionListDemo */ = {
			isa = PBXNativeTarget;
			buildConfigurationList = DCFD34C5206A463A000EA166 /* Build configuration list for PBXNativeTarget "SelectionListDemo" */;
			buildPhases = (
				79067BE2756E5CF58E664A87 /* [CP] Check Pods Manifest.lock */,
				C7FBC2BB05CC151A925CDFA4 /* [CP-User] SwiftFormat */,
				D8EA0944F5B60E5D73696512 /* [CP-User] SwiftLintAutocorrect */,
				DCFD34AF206A463A000EA166 /* Sources */,
				DCFD34B0206A463A000EA166 /* Frameworks */,
				DCFD34B1206A463A000EA166 /* Resources */,
				4A3CDA2AEBD7D718947C6931 /* [CP] Embed Pods Frameworks */,
				EB2C9787CE95D996AC344086 /* [CP-User] SwiftLint */,
			);
			buildRules = (
			);
			dependencies = (
			);
			name = SelectionListDemo;
			productName = SelectionListDemo;
			productReference = DCFD34B3206A463A000EA166 /* SelectionListDemo.app */;
			productType = "com.apple.product-type.application";
		};
/* End PBXNativeTarget section */

/* Begin PBXProject section */
		DCFD34AB206A4639000EA166 /* Project object */ = {
			isa = PBXProject;
			attributes = {
				LastSwiftUpdateCheck = 0930;
				LastUpgradeCheck = 1020;
				ORGANIZATIONNAME = "Yonat Sharon";
				TargetAttributes = {
					DC5EA87020B9F0EE00267D9B = {
						CreatedOnToolsVersion = 9.3.1;
						LastSwiftMigration = 1020;
						ProvisioningStyle = Automatic;
						TestTargetID = DCFD34B2206A463A000EA166;
					};
					DCFD34B2206A463A000EA166 = {
						CreatedOnToolsVersion = 9.2;
						LastSwiftMigration = 1020;
						ProvisioningStyle = Automatic;
					};
				};
			};
			buildConfigurationList = DCFD34AE206A4639000EA166 /* Build configuration list for PBXProject "SelectionListDemo" */;
			compatibilityVersion = "Xcode 8.0";
			developmentRegion = en;
			hasScannedForEncodings = 0;
			knownRegions = (
				en,
				Base,
			);
			mainGroup = DCFD34AA206A4639000EA166;
			productRefGroup = DCFD34B4206A463A000EA166 /* Products */;
			projectDirPath = "";
			projectRoot = "";
			targets = (
				DCFD34B2206A463A000EA166 /* SelectionListDemo */,
				DC5EA87020B9F0EE00267D9B /* SelectionListDemoUITests */,
			);
		};
/* End PBXProject section */

/* Begin PBXResourcesBuildPhase section */
		DC5EA86F20B9F0EE00267D9B /* Resources */ = {
			isa = PBXResourcesBuildPhase;
			buildActionMask = 2147483647;
			files = (
			);
			runOnlyForDeploymentPostprocessing = 0;
		};
		DCFD34B1206A463A000EA166 /* Resources */ = {
			isa = PBXResourcesBuildPhase;
			buildActionMask = 2147483647;
			files = (
				DCFD34C1206A463A000EA166 /* LaunchScreen.storyboard in Resources */,
				DCFD34BE206A463A000EA166 /* Assets.xcassets in Resources */,
				DCFD34BC206A463A000EA166 /* Main.storyboard in Resources */,
			);
			runOnlyForDeploymentPostprocessing = 0;
		};
/* End PBXResourcesBuildPhase section */

/* Begin PBXShellScriptBuildPhase section */
		4A3CDA2AEBD7D718947C6931 /* [CP] Embed Pods Frameworks */ = {
			isa = PBXShellScriptBuildPhase;
			buildActionMask = 2147483647;
			files = (
			);
			inputPaths = (
				"${PODS_ROOT}/Target Support Files/Pods-SelectionListDemo/Pods-SelectionListDemo-frameworks.sh",
				"${BUILT_PRODUCTS_DIR}/SelectionList/SelectionList.framework",
			);
			name = "[CP] Embed Pods Frameworks";
			outputPaths = (
				"${TARGET_BUILD_DIR}/${FRAMEWORKS_FOLDER_PATH}/SelectionList.framework",
			);
			runOnlyForDeploymentPostprocessing = 0;
			shellPath = /bin/sh;
			shellScript = "\"${PODS_ROOT}/Target Support Files/Pods-SelectionListDemo/Pods-SelectionListDemo-frameworks.sh\"\n";
			showEnvVarsInLog = 0;
		};
		60B54B95EE56035D01F8570B /* [CP] Embed Pods Frameworks */ = {
			isa = PBXShellScriptBuildPhase;
			buildActionMask = 2147483647;
			files = (
			);
			inputPaths = (
				"${PODS_ROOT}/Target Support Files/Pods-SelectionListDemoUITests/Pods-SelectionListDemoUITests-frameworks.sh",
				"${BUILT_PRODUCTS_DIR}/SelectionList/SelectionList.framework",
			);
			name = "[CP] Embed Pods Frameworks";
			outputPaths = (
				"${TARGET_BUILD_DIR}/${FRAMEWORKS_FOLDER_PATH}/SelectionList.framework",
			);
			runOnlyForDeploymentPostprocessing = 0;
			shellPath = /bin/sh;
			shellScript = "\"${PODS_ROOT}/Target Support Files/Pods-SelectionListDemoUITests/Pods-SelectionListDemoUITests-frameworks.sh\"\n";
			showEnvVarsInLog = 0;
		};
		79067BE2756E5CF58E664A87 /* [CP] Check Pods Manifest.lock */ = {
			isa = PBXShellScriptBuildPhase;
			buildActionMask = 2147483647;
			files = (
			);
			inputFileListPaths = (
			);
			inputPaths = (
				"${PODS_PODFILE_DIR_PATH}/Podfile.lock",
				"${PODS_ROOT}/Manifest.lock",
			);
			name = "[CP] Check Pods Manifest.lock";
			outputFileListPaths = (
			);
			outputPaths = (
				"$(DERIVED_FILE_DIR)/Pods-SelectionListDemo-checkManifestLockResult.txt",
			);
			runOnlyForDeploymentPostprocessing = 0;
			shellPath = /bin/sh;
			shellScript = "diff \"${PODS_PODFILE_DIR_PATH}/Podfile.lock\" \"${PODS_ROOT}/Manifest.lock\" > /dev/null\nif [ $? != 0 ] ; then\n    # print error to STDERR\n    echo \"error: The sandbox is not in sync with the Podfile.lock. Run 'pod install' or update your CocoaPods installation.\" >&2\n    exit 1\nfi\n# This output is used by Xcode 'outputs' to avoid re-running this script phase.\necho \"SUCCESS\" > \"${SCRIPT_OUTPUT_FILE_0}\"\n";
			showEnvVarsInLog = 0;
		};
		C7FBC2BB05CC151A925CDFA4 /* [CP-User] SwiftFormat */ = {
			isa = PBXShellScriptBuildPhase;
			alwaysOutOfDate = 1;
			buildActionMask = 2147483647;
			files = (
			);
			name = "[CP-User] SwiftFormat";
			runOnlyForDeploymentPostprocessing = 0;
			shellPath = /bin/sh;
			shellScript = "if [[ \"Debug\" == \"${CONFIGURATION}\" && ! $ENABLE_PREVIEWS == \"YES\" ]]; then \"${PODS_ROOT}/SwiftFormat/CommandLineTool/swiftformat\" --swiftversion ${SWIFT_VERSION} --config \"${PODS_ROOT}/SwiftQuality/.swiftformat\" \"${SRCROOT}/..\" ; fi";
			showEnvVarsInLog = 0;
		};
		D8EA0944F5B60E5D73696512 /* [CP-User] SwiftLintAutocorrect */ = {
			isa = PBXShellScriptBuildPhase;
			alwaysOutOfDate = 1;
			buildActionMask = 2147483647;
			files = (
			);
			name = "[CP-User] SwiftLintAutocorrect";
			runOnlyForDeploymentPostprocessing = 0;
			shellPath = /bin/sh;
			shellScript = "if [[ \"Debug\" == \"${CONFIGURATION}\" && ! $ENABLE_PREVIEWS == \"YES\" ]]; then \"${PODS_ROOT}/SwiftLint/swiftlint\" --fix --config \"${PODS_ROOT}/SwiftQuality/.swiftlint.yml\" \"${SRCROOT}/..\" ; fi";
			showEnvVarsInLog = 0;
		};
		E099C6A336BB827282B890EF /* [CP] Check Pods Manifest.lock */ = {
			isa = PBXShellScriptBuildPhase;
			buildActionMask = 2147483647;
			files = (
			);
			inputFileListPaths = (
			);
			inputPaths = (
				"${PODS_PODFILE_DIR_PATH}/Podfile.lock",
				"${PODS_ROOT}/Manifest.lock",
			);
			name = "[CP] Check Pods Manifest.lock";
			outputFileListPaths = (
			);
			outputPaths = (
				"$(DERIVED_FILE_DIR)/Pods-SelectionListDemoUITests-checkManifestLockResult.txt",
			);
			runOnlyForDeploymentPostprocessing = 0;
			shellPath = /bin/sh;
			shellScript = "diff \"${PODS_PODFILE_DIR_PATH}/Podfile.lock\" \"${PODS_ROOT}/Manifest.lock\" > /dev/null\nif [ $? != 0 ] ; then\n    # print error to STDERR\n    echo \"error: The sandbox is not in sync with the Podfile.lock. Run 'pod install' or update your CocoaPods installation.\" >&2\n    exit 1\nfi\n# This output is used by Xcode 'outputs' to avoid re-running this script phase.\necho \"SUCCESS\" > \"${SCRIPT_OUTPUT_FILE_0}\"\n";
			showEnvVarsInLog = 0;
		};
		EB2C9787CE95D996AC344086 /* [CP-User] SwiftLint */ = {
			isa = PBXShellScriptBuildPhase;
			alwaysOutOfDate = 1;
			buildActionMask = 2147483647;
			files = (
			);
			name = "[CP-User] SwiftLint";
			runOnlyForDeploymentPostprocessing = 0;
			shellPath = /bin/sh;
			shellScript = "if [ \"Debug\" == \"${CONFIGURATION}\" && ! $ENABLE_PREVIEWS == \"YES\" ]; then \"${PODS_ROOT}/SwiftLint/swiftlint\" --config \"${PODS_ROOT}/SwiftQuality/.swiftlint.yml\" \"${SRCROOT}/..\" ; fi";
			showEnvVarsInLog = 0;
		};
/* End PBXShellScriptBuildPhase section */

/* Begin PBXSourcesBuildPhase section */
		DC5EA86D20B9F0EE00267D9B /* Sources */ = {
			isa = PBXSourcesBuildPhase;
			buildActionMask = 2147483647;
			files = (
				DC5EA87420B9F0EF00267D9B /* SelectionListDemoUITests.swift in Sources */,
			);
			runOnlyForDeploymentPostprocessing = 0;
		};
		DCFD34AF206A463A000EA166 /* Sources */ = {
			isa = PBXSourcesBuildPhase;
			buildActionMask = 2147483647;
			files = (
				DCFD34B9206A463A000EA166 /* ViewController.swift in Sources */,
				DCFD34B7206A463A000EA166 /* AppDelegate.swift in Sources */,
			);
			runOnlyForDeploymentPostprocessing = 0;
		};
/* End PBXSourcesBuildPhase section */

/* Begin PBXTargetDependency section */
		DC5EA87720B9F0EF00267D9B /* PBXTargetDependency */ = {
			isa = PBXTargetDependency;
			target = DCFD34B2206A463A000EA166 /* SelectionListDemo */;
			targetProxy = DC5EA87620B9F0EF00267D9B /* PBXContainerItemProxy */;
		};
/* End PBXTargetDependency section */

/* Begin PBXVariantGroup section */
		DCFD34BA206A463A000EA166 /* Main.storyboard */ = {
			isa = PBXVariantGroup;
			children = (
				DCFD34BB206A463A000EA166 /* Base */,
			);
			name = Main.storyboard;
			sourceTree = "<group>";
		};
		DCFD34BF206A463A000EA166 /* LaunchScreen.storyboard */ = {
			isa = PBXVariantGroup;
			children = (
				DCFD34C0206A463A000EA166 /* Base */,
			);
			name = LaunchScreen.storyboard;
			sourceTree = "<group>";
		};
/* End PBXVariantGroup section */

/* Begin XCBuildConfiguration section */
		DC5EA87820B9F0EF00267D9B /* Debug */ = {
			isa = XCBuildConfiguration;
			baseConfigurationReference = BE2FD944FEED5A0F505FB6F4 /* Pods-SelectionListDemoUITests.debug.xcconfig */;
			buildSettings = {
				CLANG_ENABLE_OBJC_WEAK = YES;
				CODE_SIGN_STYLE = Automatic;
				INFOPLIST_FILE = SelectionListDemoUITests/Info.plist;
				IPHONEOS_DEPLOYMENT_TARGET = 11.3;
				LD_RUNPATH_SEARCH_PATHS = "$(inherited) @executable_path/Frameworks @loader_path/Frameworks";
				ONLY_ACTIVE_ARCH = NO;
				PRODUCT_BUNDLE_IDENTIFIER = com.roysharon.SelectionListDemoUITests;
				PRODUCT_NAME = "$(TARGET_NAME)";
				TARGETED_DEVICE_FAMILY = "1,2";
				TEST_TARGET_NAME = SelectionListDemo;
			};
			name = Debug;
		};
		DC5EA87920B9F0EF00267D9B /* Release */ = {
			isa = XCBuildConfiguration;
			baseConfigurationReference = A869BA5098DA431F374450C6 /* Pods-SelectionListDemoUITests.release.xcconfig */;
			buildSettings = {
				CLANG_ENABLE_OBJC_WEAK = YES;
				CODE_SIGN_STYLE = Automatic;
				INFOPLIST_FILE = SelectionListDemoUITests/Info.plist;
				IPHONEOS_DEPLOYMENT_TARGET = 11.3;
				LD_RUNPATH_SEARCH_PATHS = "$(inherited) @executable_path/Frameworks @loader_path/Frameworks";
				ONLY_ACTIVE_ARCH = NO;
				PRODUCT_BUNDLE_IDENTIFIER = com.roysharon.SelectionListDemoUITests;
				PRODUCT_NAME = "$(TARGET_NAME)";
				TARGETED_DEVICE_FAMILY = "1,2";
				TEST_TARGET_NAME = SelectionListDemo;
			};
			name = Release;
		};
		DCFD34C3206A463A000EA166 /* Debug */ = {
			isa = XCBuildConfiguration;
			buildSettings = {
				ALWAYS_SEARCH_USER_PATHS = NO;
				CLANG_ANALYZER_NONNULL = YES;
				CLANG_ANALYZER_NUMBER_OBJECT_CONVERSION = YES_AGGRESSIVE;
				CLANG_CXX_LANGUAGE_STANDARD = "gnu++14";
				CLANG_CXX_LIBRARY = "libc++";
				CLANG_ENABLE_MODULES = YES;
				CLANG_ENABLE_OBJC_ARC = YES;
				CLANG_WARN_BLOCK_CAPTURE_AUTORELEASING = YES;
				CLANG_WARN_BOOL_CONVERSION = YES;
				CLANG_WARN_COMMA = YES;
				CLANG_WARN_CONSTANT_CONVERSION = YES;
				CLANG_WARN_DEPRECATED_OBJC_IMPLEMENTATIONS = YES;
				CLANG_WARN_DIRECT_OBJC_ISA_USAGE = YES_ERROR;
				CLANG_WARN_DOCUMENTATION_COMMENTS = YES;
				CLANG_WARN_EMPTY_BODY = YES;
				CLANG_WARN_ENUM_CONVERSION = YES;
				CLANG_WARN_INFINITE_RECURSION = YES;
				CLANG_WARN_INT_CONVERSION = YES;
				CLANG_WARN_NON_LITERAL_NULL_CONVERSION = YES;
				CLANG_WARN_OBJC_IMPLICIT_RETAIN_SELF = YES;
				CLANG_WARN_OBJC_LITERAL_CONVERSION = YES;
				CLANG_WARN_OBJC_ROOT_CLASS = YES_ERROR;
				CLANG_WARN_RANGE_LOOP_ANALYSIS = YES;
				CLANG_WARN_STRICT_PROTOTYPES = YES;
				CLANG_WARN_SUSPICIOUS_MOVE = YES;
				CLANG_WARN_UNGUARDED_AVAILABILITY = YES_AGGRESSIVE;
				CLANG_WARN_UNREACHABLE_CODE = YES;
				CLANG_WARN__DUPLICATE_METHOD_MATCH = YES;
				CODE_SIGN_IDENTITY = "iPhone Developer";
				COPY_PHASE_STRIP = NO;
				DEBUG_INFORMATION_FORMAT = dwarf;
				ENABLE_STRICT_OBJC_MSGSEND = YES;
				ENABLE_TESTABILITY = YES;
				GCC_C_LANGUAGE_STANDARD = gnu11;
				GCC_DYNAMIC_NO_PIC = NO;
				GCC_NO_COMMON_BLOCKS = YES;
				GCC_OPTIMIZATION_LEVEL = 0;
				GCC_PREPROCESSOR_DEFINITIONS = (
					"DEBUG=1",
					"$(inherited)",
				);
				GCC_WARN_64_TO_32_BIT_CONVERSION = YES;
				GCC_WARN_ABOUT_RETURN_TYPE = YES_ERROR;
				GCC_WARN_UNDECLARED_SELECTOR = YES;
				GCC_WARN_UNINITIALIZED_AUTOS = YES_AGGRESSIVE;
				GCC_WARN_UNUSED_FUNCTION = YES;
				GCC_WARN_UNUSED_VARIABLE = YES;
				IPHONEOS_DEPLOYMENT_TARGET = 11.0;
				MTL_ENABLE_DEBUG_INFO = YES;
				ONLY_ACTIVE_ARCH = NO;
				SDKROOT = iphoneos;
				SWIFT_ACTIVE_COMPILATION_CONDITIONS = DEBUG;
				SWIFT_OPTIMIZATION_LEVEL = "-Onone";
				SWIFT_VERSION = 5.0;
			};
			name = Debug;
		};
		DCFD34C4206A463A000EA166 /* Release */ = {
			isa = XCBuildConfiguration;
			buildSettings = {
				ALWAYS_SEARCH_USER_PATHS = NO;
				CLANG_ANALYZER_NONNULL = YES;
				CLANG_ANALYZER_NUMBER_OBJECT_CONVERSION = YES_AGGRESSIVE;
				CLANG_CXX_LANGUAGE_STANDARD = "gnu++14";
				CLANG_CXX_LIBRARY = "libc++";
				CLANG_ENABLE_MODULES = YES;
				CLANG_ENABLE_OBJC_ARC = YES;
				CLANG_WARN_BLOCK_CAPTURE_AUTORELEASING = YES;
				CLANG_WARN_BOOL_CONVERSION = YES;
				CLANG_WARN_COMMA = YES;
				CLANG_WARN_CONSTANT_CONVERSION = YES;
				CLANG_WARN_DEPRECATED_OBJC_IMPLEMENTATIONS = YES;
				CLANG_WARN_DIRECT_OBJC_ISA_USAGE = YES_ERROR;
				CLANG_WARN_DOCUMENTATION_COMMENTS = YES;
				CLANG_WARN_EMPTY_BODY = YES;
				CLANG_WARN_ENUM_CONVERSION = YES;
				CLANG_WARN_INFINITE_RECURSION = YES;
				CLANG_WARN_INT_CONVERSION = YES;
				CLANG_WARN_NON_LITERAL_NULL_CONVERSION = YES;
				CLANG_WARN_OBJC_IMPLICIT_RETAIN_SELF = YES;
				CLANG_WARN_OBJC_LITERAL_CONVERSION = YES;
				CLANG_WARN_OBJC_ROOT_CLASS = YES_ERROR;
				CLANG_WARN_RANGE_LOOP_ANALYSIS = YES;
				CLANG_WARN_STRICT_PROTOTYPES = YES;
				CLANG_WARN_SUSPICIOUS_MOVE = YES;
				CLANG_WARN_UNGUARDED_AVAILABILITY = YES_AGGRESSIVE;
				CLANG_WARN_UNREACHABLE_CODE = YES;
				CLANG_WARN__DUPLICATE_METHOD_MATCH = YES;
				CODE_SIGN_IDENTITY = "iPhone Developer";
				COPY_PHASE_STRIP = NO;
				DEBUG_INFORMATION_FORMAT = "dwarf-with-dsym";
				ENABLE_NS_ASSERTIONS = NO;
				ENABLE_STRICT_OBJC_MSGSEND = YES;
				GCC_C_LANGUAGE_STANDARD = gnu11;
				GCC_NO_COMMON_BLOCKS = YES;
				GCC_WARN_64_TO_32_BIT_CONVERSION = YES;
				GCC_WARN_ABOUT_RETURN_TYPE = YES_ERROR;
				GCC_WARN_UNDECLARED_SELECTOR = YES;
				GCC_WARN_UNINITIALIZED_AUTOS = YES_AGGRESSIVE;
				GCC_WARN_UNUSED_FUNCTION = YES;
				GCC_WARN_UNUSED_VARIABLE = YES;
				IPHONEOS_DEPLOYMENT_TARGET = 11.0;
				MTL_ENABLE_DEBUG_INFO = NO;
				ONLY_ACTIVE_ARCH = NO;
				SDKROOT = iphoneos;
				SWIFT_OPTIMIZATION_LEVEL = "-Owholemodule";
				SWIFT_VERSION = 5.0;
				VALIDATE_PRODUCT = YES;
			};
			name = Release;
		};
		DCFD34C6206A463A000EA166 /* Debug */ = {
			isa = XCBuildConfiguration;
			baseConfigurationReference = 6C9D2D365D7410012474002B /* Pods-SelectionListDemo.debug.xcconfig */;
			buildSettings = {
				ASSETCATALOG_COMPILER_APPICON_NAME = AppIcon;
				CODE_SIGN_STYLE = Automatic;
				INFOPLIST_FILE = SelectionListDemo/Info.plist;
				IPHONEOS_DEPLOYMENT_TARGET = 11.0;
				LD_RUNPATH_SEARCH_PATHS = "$(inherited) @executable_path/Frameworks";
				ONLY_ACTIVE_ARCH = YES;
				PRODUCT_BUNDLE_IDENTIFIER = com.roysharon.SelectionListDemo;
				PRODUCT_NAME = "$(TARGET_NAME)";
				TARGETED_DEVICE_FAMILY = "1,2";
			};
			name = Debug;
		};
		DCFD34C7206A463A000EA166 /* Release */ = {
			isa = XCBuildConfiguration;
			baseConfigurationReference = AA1F62225155D3FCD6DAC5AF /* Pods-SelectionListDemo.release.xcconfig */;
			buildSettings = {
				ASSETCATALOG_COMPILER_APPICON_NAME = AppIcon;
				CODE_SIGN_STYLE = Automatic;
				INFOPLIST_FILE = SelectionListDemo/Info.plist;
				IPHONEOS_DEPLOYMENT_TARGET = 11.0;
				LD_RUNPATH_SEARCH_PATHS = "$(inherited) @executable_path/Frameworks";
				ONLY_ACTIVE_ARCH = YES;
				PRODUCT_BUNDLE_IDENTIFIER = com.roysharon.SelectionListDemo;
				PRODUCT_NAME = "$(TARGET_NAME)";
				TARGETED_DEVICE_FAMILY = "1,2";
			};
			name = Release;
		};
/* End XCBuildConfiguration section */

/* Begin XCConfigurationList section */
		DC5EA87A20B9F0EF00267D9B /* Build configuration list for PBXNativeTarget "SelectionListDemoUITests" */ = {
			isa = XCConfigurationList;
			buildConfigurations = (
				DC5EA87820B9F0EF00267D9B /* Debug */,
				DC5EA87920B9F0EF00267D9B /* Release */,
			);
			defaultConfigurationIsVisible = 0;
			defaultConfigurationName = Release;
		};
		DCFD34AE206A4639000EA166 /* Build configuration list for PBXProject "SelectionListDemo" */ = {
			isa = XCConfigurationList;
			buildConfigurations = (
				DCFD34C3206A463A000EA166 /* Debug */,
				DCFD34C4206A463A000EA166 /* Release */,
			);
			defaultConfigurationIsVisible = 0;
			defaultConfigurationName = Release;
		};
		DCFD34C5206A463A000EA166 /* Build configuration list for PBXNativeTarget "SelectionListDemo" */ = {
			isa = XCConfigurationList;
			buildConfigurations = (
				DCFD34C6206A463A000EA166 /* Debug */,
				DCFD34C7206A463A000EA166 /* Release */,
			);
			defaultConfigurationIsVisible = 0;
			defaultConfigurationName = Release;
		};
/* End XCConfigurationList section */
	};
	rootObject = DCFD34AB206A4639000EA166 /* Project object */;
}
